
Microsoft Visual Studio Solution File, Format Version 12.00
# Visual Studio Version 16
VisualStudioVersion = 16.0.30309.148
MinimumVisualStudioVersion = 10.0.40219.1
Project("{FAE04EC0-301F-11D3-BF4B-00C04F79EFBC}") = "DevEncurtaUrl.API", "DevEncurtaUrl.API\DevEncurtaUrl.API.csproj", "{D190B567-720B-4764-AA1B-4C6958FBB8CD}"
EndProject
Project("{FAE04EC0-301F-11D3-BF4B-00C04F79EFBC}") = "DevEncurtaUrl.Data", "DevEncurtaUrl.Data\DevEncurtaUrl.Data.csproj", "{555F8D90-913E-4B25-8349-AB089FDEB58E}"
EndProject
Project("{FAE04EC0-301F-11D3-BF4B-00C04F79EFBC}") = "DevEncurtaUrl.Business", "DevEncurtaUrl.Business\DevEncurtaUrl.Business.csproj", "{B85731DA-F0F9-405F-81F1-999CDB770EC7}"
EndProject
Global
	GlobalSection(SolutionConfigurationPlatforms) = preSolution
		Debug|Any CPU = Debug|Any CPU
		Release|Any CPU = Release|Any CPU
	EndGlobalSection
	GlobalSection(ProjectConfigurationPlatforms) = postSolution
		{D190B567-720B-4764-AA1B-4C6958FBB8CD}.Debug|Any CPU.ActiveCfg = Debug|Any CPU
		{D190B567-720B-4764-AA1B-4C6958FBB8CD}.Debug|Any CPU.Build.0 = Debug|Any CPU
		{D190B567-720B-4764-AA1B-4C6958FBB8CD}.Release|Any CPU.ActiveCfg = Release|Any CPU
		{D190B567-720B-4764-AA1B-4C6958FBB8CD}.Release|Any CPU.Build.0 = Release|Any CPU
		{555F8D90-913E-4B25-8349-AB089FDEB58E}.Debug|Any CPU.ActiveCfg = Debug|Any CPU
		{555F8D90-913E-4B25-8349-AB089FDEB58E}.Debug|Any CPU.Build.0 = Debug|Any CPU
		{555F8D90-913E-4B25-8349-AB089FDEB58E}.Release|Any CPU.ActiveCfg = Release|Any CPU
		{555F8D90-913E-4B25-8349-AB089FDEB58E}.Release|Any CPU.Build.0 = Release|Any CPU
		{B85731DA-F0F9-405F-81F1-999CDB770EC7}.Debug|Any CPU.ActiveCfg = Debug|Any CPU
		{B85731DA-F0F9-405F-81F1-999CDB770EC7}.Debug|Any CPU.Build.0 = Debug|Any CPU
		{B85731DA-F0F9-405F-81F1-999CDB770EC7}.Release|Any CPU.ActiveCfg = Release|Any CPU
		{B85731DA-F0F9-405F-81F1-999CDB770EC7}.Release|Any CPU.Build.0 = Release|Any CPU
	EndGlobalSection
	GlobalSection(SolutionProperties) = preSolution
		HideSolutionNode = FALSE
	EndGlobalSection
	GlobalSection(ExtensibilityGlobals) = postSolution
		SolutionGuid = {912FBFE5-19BF-48D9-828A-DE53DFBAC550}
	EndGlobalSection
EndGlobal
